
Microsoft Visual Studio Solution File, Format Version 12.00
# Visual Studio Version 16
VisualStudioVersion = 16.0.31105.61
MinimumVisualStudioVersion = 10.0.40219.1
Project("{FAE04EC0-301F-11D3-BF4B-00C04F79EFBC}") = "ejcita", "ejcita.csproj", "{58FD6B99-8106-44F8-9122-E2D13A3034C9}"
EndProject
Project("{FAE04EC0-301F-11D3-BF4B-00C04F79EFBC}") = "CaapaDatosCitas", "..\CaapaDatosCitas\CaapaDatosCitas.csproj", "{11DC8AF7-A3A6-48DE-AFFA-AC5BE358C4ED}"
EndProject
Project("{FAE04EC0-301F-11D3-BF4B-00C04F79EFBC}") = "CapaDeNegocioCita", "..\CapaDeNegocioCita\CapaDeNegocioCita.csproj", "{3687F93A-BD5B-49D0-9FC8-B226EB112DE9}"
EndProject
Global
	GlobalSection(SolutionConfigurationPlatforms) = preSolution
		Debug|Any CPU = Debug|Any CPU
		Release|Any CPU = Release|Any CPU
	EndGlobalSection
	GlobalSection(ProjectConfigurationPlatforms) = postSolution
		{58FD6B99-8106-44F8-9122-E2D13A3034C9}.Debug|Any CPU.ActiveCfg = Debug|Any CPU
		{58FD6B99-8106-44F8-9122-E2D13A3034C9}.Debug|Any CPU.Build.0 = Debug|Any CPU
		{58FD6B99-8106-44F8-9122-E2D13A3034C9}.Release|Any CPU.ActiveCfg = Release|Any CPU
		{58FD6B99-8106-44F8-9122-E2D13A3034C9}.Release|Any CPU.Build.0 = Release|Any CPU
		{11DC8AF7-A3A6-48DE-AFFA-AC5BE358C4ED}.Debug|Any CPU.ActiveCfg = Debug|Any CPU
		{11DC8AF7-A3A6-48DE-AFFA-AC5BE358C4ED}.Debug|Any CPU.Build.0 = Debug|Any CPU
		{11DC8AF7-A3A6-48DE-AFFA-AC5BE358C4ED}.Release|Any CPU.ActiveCfg = Release|Any CPU
		{11DC8AF7-A3A6-48DE-AFFA-AC5BE358C4ED}.Release|Any CPU.Build.0 = Release|Any CPU
		{3687F93A-BD5B-49D0-9FC8-B226EB112DE9}.Debug|Any CPU.ActiveCfg = Debug|Any CPU
		{3687F93A-BD5B-49D0-9FC8-B226EB112DE9}.Debug|Any CPU.Build.0 = Debug|Any CPU
		{3687F93A-BD5B-49D0-9FC8-B226EB112DE9}.Release|Any CPU.ActiveCfg = Release|Any CPU
		{3687F93A-BD5B-49D0-9FC8-B226EB112DE9}.Release|Any CPU.Build.0 = Release|Any CPU
	EndGlobalSection
	GlobalSection(SolutionProperties) = preSolution
		HideSolutionNode = FALSE
	EndGlobalSection
	GlobalSection(ExtensibilityGlobals) = postSolution
		SolutionGuid = {60FC2B61-E050-4190-88E3-9A95CB2018AF}
	EndGlobalSection
EndGlobal
